
Microsoft Visual Studio Solution File, Format Version 12.00
# Visual Studio Version 16
VisualStudioVersion = 16.0.35026.282
MinimumVisualStudioVersion = 10.0.40219.1
Project("{FAE04EC0-301F-11D3-BF4B-00C04F79EFBC}") = "QuanLy_TourDuLich", "QuanLy_TourDuLich\QuanLy_TourDuLich.csproj", "{9AA968E0-DA3E-41B5-9FFC-1D288FDC4A9B}"
EndProject
Global
	GlobalSection(SolutionConfigurationPlatforms) = preSolution
		Debug|Any CPU = Debug|Any CPU
		Release|Any CPU = Release|Any CPU
	EndGlobalSection
	GlobalSection(ProjectConfigurationPlatforms) = postSolution
		{9AA968E0-DA3E-41B5-9FFC-1D288FDC4A9B}.Debug|Any CPU.ActiveCfg = Debug|Any CPU
		{9AA968E0-DA3E-41B5-9FFC-1D288FDC4A9B}.Debug|Any CPU.Build.0 = Debug|Any CPU
		{9AA968E0-DA3E-41B5-9FFC-1D288FDC4A9B}.Release|Any CPU.ActiveCfg = Release|Any CPU
		{9AA968E0-DA3E-41B5-9FFC-1D288FDC4A9B}.Release|Any CPU.Build.0 = Release|Any CPU
	EndGlobalSection
	GlobalSection(SolutionProperties) = preSolution
		HideSolutionNode = FALSE
	EndGlobalSection
	GlobalSection(ExtensibilityGlobals) = postSolution
		SolutionGuid = {BA8C143D-F457-4047-AAC4-0A8B76496E28}
	EndGlobalSection
EndGlobal
